<?xml version="1.0" encoding="UTF-8"?>
<CodeBlocks_project_file>
	<FileVersion major="1" minor="6"/>
	<Project>
		<Option title="Travel_Agency"/>
		<Option makefile_is_custom="1"/>
		<Option compiler="gcc"/>
		<Option virtualFolders="CMake Files\;"/>
		<Build>
			<Target title="all">
				<Option working_dir="E:/Project/Travel_Agency"/>
				<Option type="4"/>
				<MakeCommands>
					<Build command="C:/PROGRA~1/MINGW-~1/X86_64~1.0-W/mingw64/bin/mingw32-make.exe -f &quot;E:/Project/Travel_Agency/Makefile&quot;  VERBOSE=1 all"/>
					<CompileFile command="C:/PROGRA~1/MINGW-~1/X86_64~1.0-W/mingw64/bin/mingw32-make.exe -f &quot;E:/Project/Travel_Agency/Makefile&quot;  VERBOSE=1 &quot;$file&quot;"/>
					<Clean command="C:/PROGRA~1/MINGW-~1/X86_64~1.0-W/mingw64/bin/mingw32-make.exe -f &quot;E:/Project/Travel_Agency/Makefile&quot;  VERBOSE=1 clean"/>
					<DistClean command="C:/PROGRA~1/MINGW-~1/X86_64~1.0-W/mingw64/bin/mingw32-make.exe -f &quot;E:/Project/Travel_Agency/Makefile&quot;  VERBOSE=1 clean"/>
				</MakeCommands>
			</Target>
			<Target title="rebuild_cache">
				<Option working_dir="E:/Project/Travel_Agency"/>
				<Option type="4"/>
				<MakeCommands>
					<Build command="C:/PROGRA~1/MINGW-~1/X86_64~1.0-W/mingw64/bin/mingw32-make.exe -f &quot;E:/Project/Travel_Agency/Makefile&quot;  VERBOSE=1 rebuild_cache"/>
					<CompileFile command="C:/PROGRA~1/MINGW-~1/X86_64~1.0-W/mingw64/bin/mingw32-make.exe -f &quot;E:/Project/Travel_Agency/Makefile&quot;  VERBOSE=1 &quot;$file&quot;"/>
					<Clean command="C:/PROGRA~1/MINGW-~1/X86_64~1.0-W/mingw64/bin/mingw32-make.exe -f &quot;E:/Project/Travel_Agency/Makefile&quot;  VERBOSE=1 clean"/>
					<DistClean command="C:/PROGRA~1/MINGW-~1/X86_64~1.0-W/mingw64/bin/mingw32-make.exe -f &quot;E:/Project/Travel_Agency/Makefile&quot;  VERBOSE=1 clean"/>
				</MakeCommands>
			</Target>
			<Target title="Travel_Agency">
				<Option output="E:/Project/Travel_Agency/Travel_Agency.exe" prefix_auto="0" extension_auto="0"/>
				<Option working_dir="E:/Project/Travel_Agency"/>
				<Option object_output="./"/>
				<Option type="1"/>
				<Option compiler="gcc"/>
				<Compiler>
					<Add directory="C:/Program Files/mingw-w64/x86_64-8.1.0-win32-seh-rt_v6-rev0/mingw64/bin/../lib/gcc/x86_64-w64-mingw32/8.1.0/include/c++"/>
					<Add directory="C:/Program Files/mingw-w64/x86_64-8.1.0-win32-seh-rt_v6-rev0/mingw64/bin/../lib/gcc/x86_64-w64-mingw32/8.1.0/include/c++/x86_64-w64-mingw32"/>
					<Add directory="C:/Program Files/mingw-w64/x86_64-8.1.0-win32-seh-rt_v6-rev0/mingw64/bin/../lib/gcc/x86_64-w64-mingw32/8.1.0/include/c++/backward"/>
					<Add directory="C:/Program Files/mingw-w64/x86_64-8.1.0-win32-seh-rt_v6-rev0/mingw64/bin/../lib/gcc/x86_64-w64-mingw32/8.1.0/include"/>
					<Add directory="C:/Program Files/mingw-w64/x86_64-8.1.0-win32-seh-rt_v6-rev0/mingw64/bin/../lib/gcc/x86_64-w64-mingw32/8.1.0/include-fixed"/>
					<Add directory="C:/Program Files/mingw-w64/x86_64-8.1.0-win32-seh-rt_v6-rev0/mingw64/bin/../lib/gcc/x86_64-w64-mingw32/8.1.0/../../../../x86_64-w64-mingw32/include"/>
				</Compiler>
				<MakeCommands>
					<Build command="C:/PROGRA~1/MINGW-~1/X86_64~1.0-W/mingw64/bin/mingw32-make.exe -f &quot;E:/Project/Travel_Agency/Makefile&quot;  VERBOSE=1 Travel_Agency"/>
					<CompileFile command="C:/PROGRA~1/MINGW-~1/X86_64~1.0-W/mingw64/bin/mingw32-make.exe -f &quot;E:/Project/Travel_Agency/Makefile&quot;  VERBOSE=1 &quot;$file&quot;"/>
					<Clean command="C:/PROGRA~1/MINGW-~1/X86_64~1.0-W/mingw64/bin/mingw32-make.exe -f &quot;E:/Project/Travel_Agency/Makefile&quot;  VERBOSE=1 clean"/>
					<DistClean command="C:/PROGRA~1/MINGW-~1/X86_64~1.0-W/mingw64/bin/mingw32-make.exe -f &quot;E:/Project/Travel_Agency/Makefile&quot;  VERBOSE=1 clean"/>
				</MakeCommands>
			</Target>
			<Target title="Travel_Agency/fast">
				<Option output="E:/Project/Travel_Agency/Travel_Agency.exe" prefix_auto="0" extension_auto="0"/>
				<Option working_dir="E:/Project/Travel_Agency"/>
				<Option object_output="./"/>
				<Option type="1"/>
				<Option compiler="gcc"/>
				<Compiler>
					<Add directory="C:/Program Files/mingw-w64/x86_64-8.1.0-win32-seh-rt_v6-rev0/mingw64/bin/../lib/gcc/x86_64-w64-mingw32/8.1.0/include/c++"/>
					<Add directory="C:/Program Files/mingw-w64/x86_64-8.1.0-win32-seh-rt_v6-rev0/mingw64/bin/../lib/gcc/x86_64-w64-mingw32/8.1.0/include/c++/x86_64-w64-mingw32"/>
					<Add directory="C:/Program Files/mingw-w64/x86_64-8.1.0-win32-seh-rt_v6-rev0/mingw64/bin/../lib/gcc/x86_64-w64-mingw32/8.1.0/include/c++/backward"/>
					<Add directory="C:/Program Files/mingw-w64/x86_64-8.1.0-win32-seh-rt_v6-rev0/mingw64/bin/../lib/gcc/x86_64-w64-mingw32/8.1.0/include"/>
					<Add directory="C:/Program Files/mingw-w64/x86_64-8.1.0-win32-seh-rt_v6-rev0/mingw64/bin/../lib/gcc/x86_64-w64-mingw32/8.1.0/include-fixed"/>
					<Add directory="C:/Program Files/mingw-w64/x86_64-8.1.0-win32-seh-rt_v6-rev0/mingw64/bin/../lib/gcc/x86_64-w64-mingw32/8.1.0/../../../../x86_64-w64-mingw32/include"/>
				</Compiler>
				<MakeCommands>
					<Build command="C:/PROGRA~1/MINGW-~1/X86_64~1.0-W/mingw64/bin/mingw32-make.exe -f &quot;E:/Project/Travel_Agency/Makefile&quot;  VERBOSE=1 Travel_Agency/fast"/>
					<CompileFile command="C:/PROGRA~1/MINGW-~1/X86_64~1.0-W/mingw64/bin/mingw32-make.exe -f &quot;E:/Project/Travel_Agency/Makefile&quot;  VERBOSE=1 &quot;$file&quot;"/>
					<Clean command="C:/PROGRA~1/MINGW-~1/X86_64~1.0-W/mingw64/bin/mingw32-make.exe -f &quot;E:/Project/Travel_Agency/Makefile&quot;  VERBOSE=1 clean"/>
					<DistClean command="C:/PROGRA~1/MINGW-~1/X86_64~1.0-W/mingw64/bin/mingw32-make.exe -f &quot;E:/Project/Travel_Agency/Makefile&quot;  VERBOSE=1 clean"/>
				</MakeCommands>
			</Target>
			<Target title="edit_cache">
				<Option working_dir="E:/Project/Travel_Agency"/>
				<Option type="4"/>
				<MakeCommands>
					<Build command="C:/PROGRA~1/MINGW-~1/X86_64~1.0-W/mingw64/bin/mingw32-make.exe -f &quot;E:/Project/Travel_Agency/Makefile&quot;  VERBOSE=1 edit_cache"/>
					<CompileFile command="C:/PROGRA~1/MINGW-~1/X86_64~1.0-W/mingw64/bin/mingw32-make.exe -f &quot;E:/Project/Travel_Agency/Makefile&quot;  VERBOSE=1 &quot;$file&quot;"/>
					<Clean command="C:/PROGRA~1/MINGW-~1/X86_64~1.0-W/mingw64/bin/mingw32-make.exe -f &quot;E:/Project/Travel_Agency/Makefile&quot;  VERBOSE=1 clean"/>
					<DistClean command="C:/PROGRA~1/MINGW-~1/X86_64~1.0-W/mingw64/bin/mingw32-make.exe -f &quot;E:/Project/Travel_Agency/Makefile&quot;  VERBOSE=1 clean"/>
				</MakeCommands>
			</Target>
		</Build>
		<Unit filename="E:/Project/Travel_Agency/Admin/AdminPanels/drivers.cpp">
			<Option target="Travel_Agency"/>
		</Unit>
		<Unit filename="E:/Project/Travel_Agency/Admin/AdminPanels/drivers.h">
			<Option target="Travel_Agency"/>
		</Unit>
		<Unit filename="E:/Project/Travel_Agency/Admin/AdminPanels/offers.cpp">
			<Option target="Travel_Agency"/>
		</Unit>
		<Unit filename="E:/Project/Travel_Agency/Admin/AdminPanels/offers.h">
			<Option target="Travel_Agency"/>
		</Unit>
		<Unit filename="E:/Project/Travel_Agency/Admin/AdminPanels/setting.cpp">
			<Option target="Travel_Agency"/>
		</Unit>
		<Unit filename="E:/Project/Travel_Agency/Admin/AdminPanels/setting.h">
			<Option target="Travel_Agency"/>
		</Unit>
		<Unit filename="E:/Project/Travel_Agency/Admin/AdminPanels/tickets.cpp">
			<Option target="Travel_Agency"/>
		</Unit>
		<Unit filename="E:/Project/Travel_Agency/Admin/AdminPanels/tickets.h">
			<Option target="Travel_Agency"/>
		</Unit>
		<Unit filename="E:/Project/Travel_Agency/Admin/AdminPanels/transaction.cpp">
			<Option target="Travel_Agency"/>
		</Unit>
		<Unit filename="E:/Project/Travel_Agency/Admin/AdminPanels/transaction.h">
			<Option target="Travel_Agency"/>
		</Unit>
		<Unit filename="E:/Project/Travel_Agency/Admin/AdminPanels/trips.cpp">
			<Option target="Travel_Agency"/>
		</Unit>
		<Unit filename="E:/Project/Travel_Agency/Admin/AdminPanels/trips.h">
			<Option target="Travel_Agency"/>
		</Unit>
		<Unit filename="E:/Project/Travel_Agency/Admin/AdminPanels/users.cpp">
			<Option target="Travel_Agency"/>
		</Unit>
		<Unit filename="E:/Project/Travel_Agency/Admin/AdminPanels/users.h">
			<Option target="Travel_Agency"/>
		</Unit>
		<Unit filename="E:/Project/Travel_Agency/Admin/admin.cpp">
			<Option target="Travel_Agency"/>
		</Unit>
		<Unit filename="E:/Project/Travel_Agency/Admin/admin.h">
			<Option target="Travel_Agency"/>
		</Unit>
		<Unit filename="E:/Project/Travel_Agency/Admin/adminlogged.cpp">
			<Option target="Travel_Agency"/>
		</Unit>
		<Unit filename="E:/Project/Travel_Agency/Admin/adminlogged.h">
			<Option target="Travel_Agency"/>
		</Unit>
		<Unit filename="E:/Project/Travel_Agency/BankAccounts/account_func.cpp">
			<Option target="Travel_Agency"/>
		</Unit>
		<Unit filename="E:/Project/Travel_Agency/BankAccounts/account_func.h">
			<Option target="Travel_Agency"/>
		</Unit>
		<Unit filename="E:/Project/Travel_Agency/Drivers/drivers.cpp">
			<Option target="Travel_Agency"/>
		</Unit>
		<Unit filename="E:/Project/Travel_Agency/Drivers/drivers.h">
			<Option target="Travel_Agency"/>
		</Unit>
		<Unit filename="E:/Project/Travel_Agency/Users/users.cpp">
			<Option target="Travel_Agency"/>
		</Unit>
		<Unit filename="E:/Project/Travel_Agency/Users/users.h">
			<Option target="Travel_Agency"/>
		</Unit>
		<Unit filename="E:/Project/Travel_Agency/main.cpp">
			<Option target="Travel_Agency"/>
		</Unit>
		<Unit filename="E:/Project/Travel_Agency/main.h">
			<Option target="Travel_Agency"/>
		</Unit>
		<Unit filename="E:/Project/Travel_Agency/CMakeLists.txt">
			<Option virtualFolder="CMake Files\"/>
		</Unit>
	</Project>
</CodeBlocks_project_file>
